{"is_source_file": false, "format": "", "description": "", "external_files": [], "external_methods": [], "published": [], "classes": [], "methods": [], "calls": [], "search-terms": [], "state": 2, "file_id": 36, "knowledge_revision": 123, "git_revision": "042381e6810cf1e4213fee9818cf11a37c69fdff", "hash": "e9b4c3b42cef0193b7fddb548d37e652", "format-version": 4, "code-base-name": "default", "filename": "focuswrite/post_process_status.lock", "revision_history": [{"123": "042381e6810cf1e4213fee9818cf11a37c69fdff"}]}